<?xml version="1.0" encoding="utf-8"?>
<Project ToolsVersion="4.0" xmlns="http://schemas.microsoft.com/developer/msbuild/2003">
  <ItemGroup>
    <Filter Include="소스 파일">
      <UniqueIdentifier>{4FC737F1-C7A5-4376-A066-2A32D752A2FF}</UniqueIdentifier>
      <Extensions>cpp;c;cc;cxx;def;odl;idl;hpj;bat;asm;asmx</Extensions>
    </Filter>
    <Filter Include="헤더 파일">
      <UniqueIdentifier>{93995380-89BD-4b04-88EB-625FBE52EBFB}</UniqueIdentifier>
      <Extensions>h;hh;hpp;hxx;hm;inl;inc;ipp;xsd</Extensions>
    </Filter>
    <Filter Include="리소스 파일">
      <UniqueIdentifier>{67DA6AB6-F800-4c08-8B7A-83BB121AAD01}</UniqueIdentifier>
      <Extensions>rc;ico;cur;bmp;dlg;rc2;rct;bin;rgs;gif;jpg;jpeg;jpe;resx;tiff;tif;png;wav;mfcribbon-ms</Extensions>
    </Filter>
    <Filter Include="소스 파일\WritingSource">
      <UniqueIdentifier>{ee831c52-08ed-4242-bfff-34712a196477}</UniqueIdentifier>
    </Filter>
    <Filter Include="헤더 파일\WritingHeader">
      <UniqueIdentifier>{28065cd9-46c2-4ce6-9f84-9e0ccbbe2508}</UniqueIdentifier>
    </Filter>
    <Filter Include="리소스 파일\WritingTest">
      <UniqueIdentifier>{017d0157-9d8c-41f3-8927-e6c3f3a619e9}</UniqueIdentifier>
    </Filter>
  </ItemGroup>
  <ItemGroup>
    <ClCompile Include="Exam1_derived1.cpp">
      <Filter>소스 파일</Filter>
    </ClCompile>
    <ClCompile Include="Exam1_base.cpp">
      <Filter>소스 파일</Filter>
    </ClCompile>
    <ClCompile Include="Exam1_derived2.cpp">
      <Filter>소스 파일</Filter>
    </ClCompile>
    <ClCompile Include="Main.cpp">
      <Filter>소스 파일</Filter>
    </ClCompile>
    <ClCompile Include="Exam1_Class3.cpp">
      <Filter>소스 파일</Filter>
    </ClCompile>
    <ClCompile Include="Exam1_Cat8.cpp">
      <Filter>소스 파일</Filter>
    </ClCompile>
    <ClCompile Include="Exam1_Animal8.cpp">
      <Filter>소스 파일</Filter>
    </ClCompile>
    <ClCompile Include="Exam1_PointAndRef15.cpp">
      <Filter>소스 파일</Filter>
    </ClCompile>
    <ClCompile Include="Exam1_VirtualFunction13.cpp">
      <Filter>소스 파일</Filter>
    </ClCompile>
    <ClCompile Include="Exam1_VirtualFunction_Derived13.cpp">
      <Filter>소스 파일</Filter>
    </ClCompile>
    <ClCompile Include="Exam1_CopyAssign_ex.cpp">
      <Filter>소스 파일\WritingSource</Filter>
    </ClCompile>
    <ClCompile Include="Exam1_GlobalMethod_ex.cpp">
      <Filter>소스 파일\WritingSource</Filter>
    </ClCompile>
  </ItemGroup>
  <ItemGroup>
    <ClInclude Include="Exam1_base.h">
      <Filter>헤더 파일</Filter>
    </ClInclude>
    <ClInclude Include="Exam1_derived1.h">
      <Filter>헤더 파일</Filter>
    </ClInclude>
    <ClInclude Include="Exam1_derived2.h">
      <Filter>헤더 파일</Filter>
    </ClInclude>
    <ClInclude Include="Exam1_Class3.h">
      <Filter>헤더 파일</Filter>
    </ClInclude>
    <ClInclude Include="Exam1_Animal8.h">
      <Filter>헤더 파일</Filter>
    </ClInclude>
    <ClInclude Include="Exam1_Cat8.h">
      <Filter>헤더 파일</Filter>
    </ClInclude>
    <ClInclude Include="Exam1_PointAndRef15.h">
      <Filter>헤더 파일</Filter>
    </ClInclude>
    <ClInclude Include="Exam1_VirtualFunction13.h">
      <Filter>헤더 파일</Filter>
    </ClInclude>
    <ClInclude Include="Exam1_VirtualFunction_Derived13.h">
      <Filter>헤더 파일</Filter>
    </ClInclude>
    <ClInclude Include="Exam1_CopyAssign_ex.h">
      <Filter>헤더 파일\WritingHeader</Filter>
    </ClInclude>
    <ClInclude Include="Exam1_GlobalMethod_ex.h">
      <Filter>헤더 파일\WritingHeader</Filter>
    </ClInclude>
  </ItemGroup>
  <ItemGroup>
    <Text Include="Writing-coutFormatting_1.txt">
      <Filter>리소스 파일\WritingTest</Filter>
    </Text>
    <Text Include="Writing-CopyAndAssign_4.txt">
      <Filter>리소스 파일\WritingTest</Filter>
    </Text>
    <Text Include="Writing-ShallowDeepCopy_3.txt">
      <Filter>리소스 파일\WritingTest</Filter>
    </Text>
    <Text Include="Writing-PointerAndReference_2.txt">
      <Filter>리소스 파일\WritingTest</Filter>
    </Text>
    <Text Include="Writing-DerivedClass_14.txt">
      <Filter>리소스 파일\WritingTest</Filter>
    </Text>
    <Text Include="Writing-Polymorphism_5.txt">
      <Filter>리소스 파일\WritingTest</Filter>
    </Text>
    <Text Include="Writing-VirtualFunction_6.txt">
      <Filter>리소스 파일\WritingTest</Filter>
    </Text>
    <Text Include="Writing-VirtualDestructor_7.txt">
      <Filter>리소스 파일\WritingTest</Filter>
    </Text>
    <Text Include="Writing-VirtualClass_8.txt">
      <Filter>리소스 파일\WritingTest</Filter>
    </Text>
    <Text Include="Writing-OperatorOverloading_9.txt">
      <Filter>리소스 파일\WritingTest</Filter>
    </Text>
    <Text Include="Writing-StaticCastVersusReinterpretCast_10.txt">
      <Filter>리소스 파일\WritingTest</Filter>
    </Text>
    <Text Include="Writing-StaticVariable_11.txt">
      <Filter>리소스 파일\WritingTest</Filter>
    </Text>
  </ItemGroup>
</Project>